// !$*UTF8*$!
{
	archiveVersion = 1;
	classes = {
	};
	objectVersion = 46;
	objects = {

/* Begin PBXBuildFile section */
		A006821CD9E93D60BACC2331 /* libPods-WalletApp.a in Frameworks */ = {isa = PBXBuildFile; fileRef = D7A8A2239B7B9860F7EABCEE /* libPods-WalletApp.a */; };
		BB78B0791D6409B900737B31 /* HistoryVC.swift in Sources */ = {isa = PBXBuildFile; fileRef = BB78B0761D6409B900737B31 /* HistoryVC.swift */; };
		BB78B07A1D6409B900737B31 /* HomeVC.swift in Sources */ = {isa = PBXBuildFile; fileRef = BB78B0771D6409B900737B31 /* HomeVC.swift */; };
		BB78B07B1D6409B900737B31 /* HomeVC.xib in Resources */ = {isa = PBXBuildFile; fileRef = BB78B0781D6409B900737B31 /* HomeVC.xib */; };
		BB78B0861D6416E100737B31 /* HistoryCell.swift in Sources */ = {isa = PBXBuildFile; fileRef = BB78B0831D6416E100737B31 /* HistoryCell.swift */; };
		BB78B0871D6416E100737B31 /* HistoryCell.xib in Resources */ = {isa = PBXBuildFile; fileRef = BB78B0841D6416E100737B31 /* HistoryCell.xib */; };
		BB78B0881D6416E100737B31 /* HistoryVC.xib in Resources */ = {isa = PBXBuildFile; fileRef = BB78B0851D6416E100737B31 /* HistoryVC.xib */; };
		BB78B08D1D641B0400737B31 /* add_default.png in Resources */ = {isa = PBXBuildFile; fileRef = BB78B08B1D641B0400737B31 /* add_default.png */; };
		BB78B08E1D641B0400737B31 /* add_selected.png in Resources */ = {isa = PBXBuildFile; fileRef = BB78B08C1D641B0400737B31 /* add_selected.png */; };
		E1121CA31D64047400EA4A7D /* AppDelegate.swift in Sources */ = {isa = PBXBuildFile; fileRef = E1121CA21D64047400EA4A7D /* AppDelegate.swift */; };
		E1121CA51D64047400EA4A7D /* ViewController.swift in Sources */ = {isa = PBXBuildFile; fileRef = E1121CA41D64047400EA4A7D /* ViewController.swift */; };
		E1121CA81D64047400EA4A7D /* Main.storyboard in Resources */ = {isa = PBXBuildFile; fileRef = E1121CA61D64047400EA4A7D /* Main.storyboard */; };
		E1121CAB1D64047400EA4A7D /* WalletApp.xcdatamodeld in Sources */ = {isa = PBXBuildFile; fileRef = E1121CA91D64047400EA4A7D /* WalletApp.xcdatamodeld */; };
		E1121CAD1D64047400EA4A7D /* Assets.xcassets in Resources */ = {isa = PBXBuildFile; fileRef = E1121CAC1D64047400EA4A7D /* Assets.xcassets */; };
		E1121CB01D64047400EA4A7D /* LaunchScreen.storyboard in Resources */ = {isa = PBXBuildFile; fileRef = E1121CAE1D64047400EA4A7D /* LaunchScreen.storyboard */; };
		E1121CB81D64052700EA4A7D /* Config.swift in Sources */ = {isa = PBXBuildFile; fileRef = E1121CB71D64052700EA4A7D /* Config.swift */; };
		E1121CBB1D64073A00EA4A7D /* SWXMLHash.swift in Sources */ = {isa = PBXBuildFile; fileRef = E1121CB91D64073A00EA4A7D /* SWXMLHash.swift */; };
		E1121CBC1D64073A00EA4A7D /* SWXMLHash+TypeConversion.swift in Sources */ = {isa = PBXBuildFile; fileRef = E1121CBA1D64073A00EA4A7D /* SWXMLHash+TypeConversion.swift */; };
		E1121CC31D640C3200EA4A7D /* Podfile in Resources */ = {isa = PBXBuildFile; fileRef = E1121CC21D640C3200EA4A7D /* Podfile */; };
		E1121CDA1D641E0C00EA4A7D /* ActionOBJ.swift in Sources */ = {isa = PBXBuildFile; fileRef = E1121CD91D641E0C00EA4A7D /* ActionOBJ.swift */; };
		E1121CE41D6425F300EA4A7D /* NumPad.swift in Sources */ = {isa = PBXBuildFile; fileRef = E1121CE31D6425F300EA4A7D /* NumPad.swift */; };
		E1121CEA1D64494A00EA4A7D /* CalculatorKeyboard.xib in Resources */ = {isa = PBXBuildFile; fileRef = E1121CE61D64494A00EA4A7D /* CalculatorKeyboard.xib */; };
		E1121CEB1D64494A00EA4A7D /* Images.xcassets in Resources */ = {isa = PBXBuildFile; fileRef = E1121CE71D64494A00EA4A7D /* Images.xcassets */; };
		E1121CEC1D64494A00EA4A7D /* CalculatorKeyboard.swift in Sources */ = {isa = PBXBuildFile; fileRef = E1121CE81D64494A00EA4A7D /* CalculatorKeyboard.swift */; };
		E1121CED1D64494A00EA4A7D /* CalculatorProcessor.swift in Sources */ = {isa = PBXBuildFile; fileRef = E1121CE91D64494A00EA4A7D /* CalculatorProcessor.swift */; };
/* End PBXBuildFile section */

/* Begin PBXFileReference section */
		AE9A4FB9EA8770986D643CDD /* Pods-WalletApp.debug.xcconfig */ = {isa = PBXFileReference; includeInIndex = 1; lastKnownFileType = text.xcconfig; name = "Pods-WalletApp.debug.xcconfig"; path = "Pods/Target Support Files/Pods-WalletApp/Pods-WalletApp.debug.xcconfig"; sourceTree = "<group>"; };
		BB78B0761D6409B900737B31 /* HistoryVC.swift */ = {isa = PBXFileReference; fileEncoding = 4; lastKnownFileType = sourcecode.swift; path = HistoryVC.swift; sourceTree = "<group>"; };
		BB78B0771D6409B900737B31 /* HomeVC.swift */ = {isa = PBXFileReference; fileEncoding = 4; lastKnownFileType = sourcecode.swift; path = HomeVC.swift; sourceTree = "<group>"; };
		BB78B0781D6409B900737B31 /* HomeVC.xib */ = {isa = PBXFileReference; fileEncoding = 4; lastKnownFileType = file.xib; path = HomeVC.xib; sourceTree = "<group>"; };
		BB78B0831D6416E100737B31 /* HistoryCell.swift */ = {isa = PBXFileReference; fileEncoding = 4; lastKnownFileType = sourcecode.swift; path = HistoryCell.swift; sourceTree = "<group>"; };
		BB78B0841D6416E100737B31 /* HistoryCell.xib */ = {isa = PBXFileReference; fileEncoding = 4; lastKnownFileType = file.xib; path = HistoryCell.xib; sourceTree = "<group>"; };
		BB78B0851D6416E100737B31 /* HistoryVC.xib */ = {isa = PBXFileReference; fileEncoding = 4; lastKnownFileType = file.xib; path = HistoryVC.xib; sourceTree = "<group>"; };
		BB78B08B1D641B0400737B31 /* add_default.png */ = {isa = PBXFileReference; lastKnownFileType = image.png; path = add_default.png; sourceTree = "<group>"; };
		BB78B08C1D641B0400737B31 /* add_selected.png */ = {isa = PBXFileReference; lastKnownFileType = image.png; path = add_selected.png; sourceTree = "<group>"; };
		D7A8A2239B7B9860F7EABCEE /* libPods-WalletApp.a */ = {isa = PBXFileReference; explicitFileType = archive.ar; includeInIndex = 0; path = "libPods-WalletApp.a"; sourceTree = BUILT_PRODUCTS_DIR; };
		E1121C9F1D64047400EA4A7D /* WalletApp.app */ = {isa = PBXFileReference; explicitFileType = wrapper.application; includeInIndex = 0; path = WalletApp.app; sourceTree = BUILT_PRODUCTS_DIR; };
		E1121CA21D64047400EA4A7D /* AppDelegate.swift */ = {isa = PBXFileReference; lastKnownFileType = sourcecode.swift; path = AppDelegate.swift; sourceTree = "<group>"; };
		E1121CA41D64047400EA4A7D /* ViewController.swift */ = {isa = PBXFileReference; lastKnownFileType = sourcecode.swift; path = ViewController.swift; sourceTree = "<group>"; };
		E1121CA71D64047400EA4A7D /* Base */ = {isa = PBXFileReference; lastKnownFileType = file.storyboard; name = Base; path = Base.lproj/Main.storyboard; sourceTree = "<group>"; };
		E1121CAA1D64047400EA4A7D /* WalletApp.xcdatamodel */ = {isa = PBXFileReference; lastKnownFileType = wrapper.xcdatamodel; path = WalletApp.xcdatamodel; sourceTree = "<group>"; };
		E1121CAC1D64047400EA4A7D /* Assets.xcassets */ = {isa = PBXFileReference; lastKnownFileType = folder.assetcatalog; path = Assets.xcassets; sourceTree = "<group>"; };
		E1121CAF1D64047400EA4A7D /* Base */ = {isa = PBXFileReference; lastKnownFileType = file.storyboard; name = Base; path = Base.lproj/LaunchScreen.storyboard; sourceTree = "<group>"; };
		E1121CB11D64047400EA4A7D /* Info.plist */ = {isa = PBXFileReference; lastKnownFileType = text.plist.xml; path = Info.plist; sourceTree = "<group>"; };
		E1121CB71D64052700EA4A7D /* Config.swift */ = {isa = PBXFileReference; fileEncoding = 4; lastKnownFileType = sourcecode.swift; path = Config.swift; sourceTree = "<group>"; };
		E1121CB91D64073A00EA4A7D /* SWXMLHash.swift */ = {isa = PBXFileReference; fileEncoding = 4; lastKnownFileType = sourcecode.swift; path = SWXMLHash.swift; sourceTree = "<group>"; };
		E1121CBA1D64073A00EA4A7D /* SWXMLHash+TypeConversion.swift */ = {isa = PBXFileReference; fileEncoding = 4; lastKnownFileType = sourcecode.swift; path = "SWXMLHash+TypeConversion.swift"; sourceTree = "<group>"; };
		E1121CC21D640C3200EA4A7D /* Podfile */ = {isa = PBXFileReference; fileEncoding = 4; lastKnownFileType = text; path = Podfile; sourceTree = SOURCE_ROOT; };
		E1121CD91D641E0C00EA4A7D /* ActionOBJ.swift */ = {isa = PBXFileReference; fileEncoding = 4; lastKnownFileType = sourcecode.swift; path = ActionOBJ.swift; sourceTree = "<group>"; };
		E1121CDC1D641E4D00EA4A7D /* WalletApp-Bridging-Header.h */ = {isa = PBXFileReference; lastKnownFileType = sourcecode.c.h; path = "WalletApp-Bridging-Header.h"; sourceTree = SOURCE_ROOT; };
		E1121CE31D6425F300EA4A7D /* NumPad.swift */ = {isa = PBXFileReference; fileEncoding = 4; lastKnownFileType = sourcecode.swift; path = NumPad.swift; sourceTree = "<group>"; };
		E1121CE61D64494A00EA4A7D /* CalculatorKeyboard.xib */ = {isa = PBXFileReference; fileEncoding = 4; lastKnownFileType = file.xib; path = CalculatorKeyboard.xib; sourceTree = "<group>"; };
		E1121CE71D64494A00EA4A7D /* Images.xcassets */ = {isa = PBXFileReference; lastKnownFileType = folder.assetcatalog; path = Images.xcassets; sourceTree = "<group>"; };
		E1121CE81D64494A00EA4A7D /* CalculatorKeyboard.swift */ = {isa = PBXFileReference; fileEncoding = 4; lastKnownFileType = sourcecode.swift; path = CalculatorKeyboard.swift; sourceTree = "<group>"; };
		E1121CE91D64494A00EA4A7D /* CalculatorProcessor.swift */ = {isa = PBXFileReference; fileEncoding = 4; lastKnownFileType = sourcecode.swift; path = CalculatorProcessor.swift; sourceTree = "<group>"; };
		E28B8A92473B9431E63423E0 /* Pods-WalletApp.release.xcconfig */ = {isa = PBXFileReference; includeInIndex = 1; lastKnownFileType = text.xcconfig; name = "Pods-WalletApp.release.xcconfig"; path = "Pods/Target Support Files/Pods-WalletApp/Pods-WalletApp.release.xcconfig"; sourceTree = "<group>"; };
/* End PBXFileReference section */

/* Begin PBXFrameworksBuildPhase section */
		E1121C9C1D64047400EA4A7D /* Frameworks */ = {
			isa = PBXFrameworksBuildPhase;
			buildActionMask = 2147483647;
			files = (
				A006821CD9E93D60BACC2331 /* libPods-WalletApp.a in Frameworks */,
			);
			runOnlyForDeploymentPostprocessing = 0;
		};
/* End PBXFrameworksBuildPhase section */

/* Begin PBXGroup section */
		27D3B9422074C6EE95983428 /* Frameworks */ = {
			isa = PBXGroup;
			children = (
				D7A8A2239B7B9860F7EABCEE /* libPods-WalletApp.a */,
			);
			name = Frameworks;
			sourceTree = "<group>";
		};
		30EC4AE1DCB65539ECC28FC9 /* Pods */ = {
			isa = PBXGroup;
			children = (
				AE9A4FB9EA8770986D643CDD /* Pods-WalletApp.debug.xcconfig */,
				E28B8A92473B9431E63423E0 /* Pods-WalletApp.release.xcconfig */,
			);
			name = Pods;
			sourceTree = "<group>";
		};
		BB78B0891D6416F300737B31 /* HistoryVC */ = {
			isa = PBXGroup;
			children = (
				BB78B0761D6409B900737B31 /* HistoryVC.swift */,
				BB78B0851D6416E100737B31 /* HistoryVC.xib */,
				BB78B0831D6416E100737B31 /* HistoryCell.swift */,
				BB78B0841D6416E100737B31 /* HistoryCell.xib */,
			);
			name = HistoryVC;
			sourceTree = "<group>";
		};
		BB78B08A1D6416FE00737B31 /* HomeVC */ = {
			isa = PBXGroup;
			children = (
				BB78B0771D6409B900737B31 /* HomeVC.swift */,
				BB78B0781D6409B900737B31 /* HomeVC.xib */,
				BB78B08B1D641B0400737B31 /* add_default.png */,
				BB78B08C1D641B0400737B31 /* add_selected.png */,
			);
			name = HomeVC;
			sourceTree = "<group>";
		};
		E1121C961D64047400EA4A7D = {
			isa = PBXGroup;
			children = (
				E1121CA11D64047400EA4A7D /* WalletApp */,
				E1121CA01D64047400EA4A7D /* Products */,
				30EC4AE1DCB65539ECC28FC9 /* Pods */,
				27D3B9422074C6EE95983428 /* Frameworks */,
			);
			sourceTree = "<group>";
		};
		E1121CA01D64047400EA4A7D /* Products */ = {
			isa = PBXGroup;
			children = (
				E1121C9F1D64047400EA4A7D /* WalletApp.app */,
			);
			name = Products;
			sourceTree = "<group>";
		};
		E1121CA11D64047400EA4A7D /* WalletApp */ = {
			isa = PBXGroup;
			children = (
				E1121CBD1D64077800EA4A7D /* Libs */,
				E1121CB71D64052700EA4A7D /* Config.swift */,
				E1121CA21D64047400EA4A7D /* AppDelegate.swift */,
				E1121CA41D64047400EA4A7D /* ViewController.swift */,
				E1121CD91D641E0C00EA4A7D /* ActionOBJ.swift */,
				E1121CA61D64047400EA4A7D /* Main.storyboard */,
				E1121CDC1D641E4D00EA4A7D /* WalletApp-Bridging-Header.h */,
				BB78B0891D6416F300737B31 /* HistoryVC */,
				BB78B08A1D6416FE00737B31 /* HomeVC */,
				E1121CAC1D64047400EA4A7D /* Assets.xcassets */,
				E1121CAE1D64047400EA4A7D /* LaunchScreen.storyboard */,
				E1121CB11D64047400EA4A7D /* Info.plist */,
				E1121CA91D64047400EA4A7D /* WalletApp.xcdatamodeld */,
				E1121CC21D640C3200EA4A7D /* Podfile */,
			);
			path = WalletApp;
			sourceTree = "<group>";
		};
		E1121CBD1D64077800EA4A7D /* Libs */ = {
			isa = PBXGroup;
			children = (
				E1121CE61D64494A00EA4A7D /* CalculatorKeyboard.xib */,
				E1121CE71D64494A00EA4A7D /* Images.xcassets */,
				E1121CE81D64494A00EA4A7D /* CalculatorKeyboard.swift */,
				E1121CE91D64494A00EA4A7D /* CalculatorProcessor.swift */,
				E1121CE31D6425F300EA4A7D /* NumPad.swift */,
				E1121CB91D64073A00EA4A7D /* SWXMLHash.swift */,
				E1121CBA1D64073A00EA4A7D /* SWXMLHash+TypeConversion.swift */,
			);
			name = Libs;
			sourceTree = "<group>";
		};
/* End PBXGroup section */

/* Begin PBXNativeTarget section */
		E1121C9E1D64047400EA4A7D /* WalletApp */ = {
			isa = PBXNativeTarget;
			buildConfigurationList = E1121CB41D64047400EA4A7D /* Build configuration list for PBXNativeTarget "WalletApp" */;
			buildPhases = (
				0A8A4F39E005F76D45582CE0 /* Check Pods Manifest.lock */,
				E1121C9B1D64047400EA4A7D /* Sources */,
				E1121C9C1D64047400EA4A7D /* Frameworks */,
				E1121C9D1D64047400EA4A7D /* Resources */,
				2DB7289CBA5EA5CEF7FD7480 /* Embed Pods Frameworks */,
				4724928EE4BDF194B2490A25 /* Copy Pods Resources */,
			);
			buildRules = (
			);
			dependencies = (
			);
			name = WalletApp;
			productName = WalletApp;
			productReference = E1121C9F1D64047400EA4A7D /* WalletApp.app */;
			productType = "com.apple.product-type.application";
		};
/* End PBXNativeTarget section */

/* Begin PBXProject section */
		E1121C971D64047400EA4A7D /* Project object */ = {
			isa = PBXProject;
			attributes = {
				LastSwiftUpdateCheck = 0730;
				LastUpgradeCheck = 0730;
				ORGANIZATIONNAME = PHS;
				TargetAttributes = {
					E1121C9E1D64047400EA4A7D = {
						CreatedOnToolsVersion = 7.3.1;
					};
				};
			};
			buildConfigurationList = E1121C9A1D64047400EA4A7D /* Build configuration list for PBXProject "WalletApp" */;
			compatibilityVersion = "Xcode 3.2";
			developmentRegion = English;
			hasScannedForEncodings = 0;
			knownRegions = (
				en,
				Base,
			);
			mainGroup = E1121C961D64047400EA4A7D;
			productRefGroup = E1121CA01D64047400EA4A7D /* Products */;
			projectDirPath = "";
			projectRoot = "";
			targets = (
				E1121C9E1D64047400EA4A7D /* WalletApp */,
			);
		};
/* End PBXProject section */

/* Begin PBXResourcesBuildPhase section */
		E1121C9D1D64047400EA4A7D /* Resources */ = {
			isa = PBXResourcesBuildPhase;
			buildActionMask = 2147483647;
			files = (
				BB78B08E1D641B0400737B31 /* add_selected.png in Resources */,
				E1121CC31D640C3200EA4A7D /* Podfile in Resources */,
				E1121CB01D64047400EA4A7D /* LaunchScreen.storyboard in Resources */,
				E1121CAD1D64047400EA4A7D /* Assets.xcassets in Resources */,
				E1121CEB1D64494A00EA4A7D /* Images.xcassets in Resources */,
				BB78B0881D6416E100737B31 /* HistoryVC.xib in Resources */,
				BB78B07B1D6409B900737B31 /* HomeVC.xib in Resources */,
				BB78B0871D6416E100737B31 /* HistoryCell.xib in Resources */,
				E1121CA81D64047400EA4A7D /* Main.storyboard in Resources */,
				E1121CEA1D64494A00EA4A7D /* CalculatorKeyboard.xib in Resources */,
				BB78B08D1D641B0400737B31 /* add_default.png in Resources */,
			);
			runOnlyForDeploymentPostprocessing = 0;
		};
/* End PBXResourcesBuildPhase section */

/* Begin PBXShellScriptBuildPhase section */
		0A8A4F39E005F76D45582CE0 /* Check Pods Manifest.lock */ = {
			isa = PBXShellScriptBuildPhase;
			buildActionMask = 2147483647;
			files = (
			);
			inputPaths = (
			);
			name = "Check Pods Manifest.lock";
			outputPaths = (
			);
			runOnlyForDeploymentPostprocessing = 0;
			shellPath = /bin/sh;
			shellScript = "diff \"${PODS_ROOT}/../Podfile.lock\" \"${PODS_ROOT}/Manifest.lock\" > /dev/null\nif [[ $? != 0 ]] ; then\n    cat << EOM\nerror: The sandbox is not in sync with the Podfile.lock. Run 'pod install' or update your CocoaPods installation.\nEOM\n    exit 1\nfi\n";
			showEnvVarsInLog = 0;
		};
		2DB7289CBA5EA5CEF7FD7480 /* Embed Pods Frameworks */ = {
			isa = PBXShellScriptBuildPhase;
			buildActionMask = 2147483647;
			files = (
			);
			inputPaths = (
			);
			name = "Embed Pods Frameworks";
			outputPaths = (
			);
			runOnlyForDeploymentPostprocessing = 0;
			shellPath = /bin/sh;
			shellScript = "\"${SRCROOT}/Pods/Target Support Files/Pods-WalletApp/Pods-WalletApp-frameworks.sh\"\n";
			showEnvVarsInLog = 0;
		};
		4724928EE4BDF194B2490A25 /* Copy Pods Resources */ = {
			isa = PBXShellScriptBuildPhase;
			buildActionMask = 2147483647;
			files = (
			);
			inputPaths = (
			);
			name = "Copy Pods Resources";
			outputPaths = (
			);
			runOnlyForDeploymentPostprocessing = 0;
			shellPath = /bin/sh;
			shellScript = "\"${SRCROOT}/Pods/Target Support Files/Pods-WalletApp/Pods-WalletApp-resources.sh\"\n";
			showEnvVarsInLog = 0;
		};
/* End PBXShellScriptBuildPhase section */

/* Begin PBXSourcesBuildPhase section */
		E1121C9B1D64047400EA4A7D /* Sources */ = {
			isa = PBXSourcesBuildPhase;
			buildActionMask = 2147483647;
			files = (
				BB78B0791D6409B900737B31 /* HistoryVC.swift in Sources */,
				E1121CE41D6425F300EA4A7D /* NumPad.swift in Sources */,
				BB78B07A1D6409B900737B31 /* HomeVC.swift in Sources */,
				E1121CA51D64047400EA4A7D /* ViewController.swift in Sources */,
				E1121CED1D64494A00EA4A7D /* CalculatorProcessor.swift in Sources */,
				BB78B0861D6416E100737B31 /* HistoryCell.swift in Sources */,
				E1121CBC1D64073A00EA4A7D /* SWXMLHash+TypeConversion.swift in Sources */,
				E1121CDA1D641E0C00EA4A7D /* ActionOBJ.swift in Sources */,
				E1121CB81D64052700EA4A7D /* Config.swift in Sources */,
				E1121CAB1D64047400EA4A7D /* WalletApp.xcdatamodeld in Sources */,
				E1121CBB1D64073A00EA4A7D /* SWXMLHash.swift in Sources */,
				E1121CEC1D64494A00EA4A7D /* CalculatorKeyboard.swift in Sources */,
				E1121CA31D64047400EA4A7D /* AppDelegate.swift in Sources */,
			);
			runOnlyForDeploymentPostprocessing = 0;
		};
/* End PBXSourcesBuildPhase section */

/* Begin PBXVariantGroup section */
		E1121CA61D64047400EA4A7D /* Main.storyboard */ = {
			isa = PBXVariantGroup;
			children = (
				E1121CA71D64047400EA4A7D /* Base */,
			);
			name = Main.storyboard;
			sourceTree = "<group>";
		};
		E1121CAE1D64047400EA4A7D /* LaunchScreen.storyboard */ = {
			isa = PBXVariantGroup;
			children = (
				E1121CAF1D64047400EA4A7D /* Base */,
			);
			name = LaunchScreen.storyboard;
			sourceTree = "<group>";
		};
/* End PBXVariantGroup section */

/* Begin XCBuildConfiguration section */
		E1121CB21D64047400EA4A7D /* Debug */ = {
			isa = XCBuildConfiguration;
			buildSettings = {
				ALWAYS_SEARCH_USER_PATHS = NO;
				CLANG_ANALYZER_NONNULL = YES;
				CLANG_CXX_LANGUAGE_STANDARD = "gnu++0x";
				CLANG_CXX_LIBRARY = "libc++";
				CLANG_ENABLE_MODULES = YES;
				CLANG_ENABLE_OBJC_ARC = YES;
				CLANG_WARN_BOOL_CONVERSION = YES;
				CLANG_WARN_CONSTANT_CONVERSION = YES;
				CLANG_WARN_DIRECT_OBJC_ISA_USAGE = YES_ERROR;
				CLANG_WARN_EMPTY_BODY = YES;
				CLANG_WARN_ENUM_CONVERSION = YES;
				CLANG_WARN_INT_CONVERSION = YES;
				CLANG_WARN_OBJC_ROOT_CLASS = YES_ERROR;
				CLANG_WARN_UNREACHABLE_CODE = YES;
				CLANG_WARN__DUPLICATE_METHOD_MATCH = YES;
				"CODE_SIGN_IDENTITY[sdk=iphoneos*]" = "iPhone Developer";
				COPY_PHASE_STRIP = NO;
				DEBUG_INFORMATION_FORMAT = dwarf;
				ENABLE_STRICT_OBJC_MSGSEND = YES;
				ENABLE_TESTABILITY = YES;
				GCC_C_LANGUAGE_STANDARD = gnu99;
				GCC_DYNAMIC_NO_PIC = NO;
				GCC_NO_COMMON_BLOCKS = YES;
				GCC_OPTIMIZATION_LEVEL = 0;
				GCC_PREPROCESSOR_DEFINITIONS = (
					"DEBUG=1",
					"$(inherited)",
				);
				GCC_WARN_64_TO_32_BIT_CONVERSION = YES;
				GCC_WARN_ABOUT_RETURN_TYPE = YES_ERROR;
				GCC_WARN_UNDECLARED_SELECTOR = YES;
				GCC_WARN_UNINITIALIZED_AUTOS = YES_AGGRESSIVE;
				GCC_WARN_UNUSED_FUNCTION = YES;
				GCC_WARN_UNUSED_VARIABLE = YES;
				IPHONEOS_DEPLOYMENT_TARGET = 9.3;
				MTL_ENABLE_DEBUG_INFO = YES;
				ONLY_ACTIVE_ARCH = YES;
				SDKROOT = iphoneos;
				SWIFT_OPTIMIZATION_LEVEL = "-Onone";
				TARGETED_DEVICE_FAMILY = "1,2";
			};
			name = Debug;
		};
		E1121CB31D64047400EA4A7D /* Release */ = {
			isa = XCBuildConfiguration;
			buildSettings = {
				ALWAYS_SEARCH_USER_PATHS = NO;
				CLANG_ANALYZER_NONNULL = YES;
				CLANG_CXX_LANGUAGE_STANDARD = "gnu++0x";
				CLANG_CXX_LIBRARY = "libc++";
				CLANG_ENABLE_MODULES = YES;
				CLANG_ENABLE_OBJC_ARC = YES;
				CLANG_WARN_BOOL_CONVERSION = YES;
				CLANG_WARN_CONSTANT_CONVERSION = YES;
				CLANG_WARN_DIRECT_OBJC_ISA_USAGE = YES_ERROR;
				CLANG_WARN_EMPTY_BODY = YES;
				CLANG_WARN_ENUM_CONVERSION = YES;
				CLANG_WARN_INT_CONVERSION = YES;
				CLANG_WARN_OBJC_ROOT_CLASS = YES_ERROR;
				CLANG_WARN_UNREACHABLE_CODE = YES;
				CLANG_WARN__DUPLICATE_METHOD_MATCH = YES;
				"CODE_SIGN_IDENTITY[sdk=iphoneos*]" = "iPhone Developer";
				COPY_PHASE_STRIP = NO;
				DEBUG_INFORMATION_FORMAT = "dwarf-with-dsym";
				ENABLE_NS_ASSERTIONS = NO;
				ENABLE_STRICT_OBJC_MSGSEND = YES;
				GCC_C_LANGUAGE_STANDARD = gnu99;
				GCC_NO_COMMON_BLOCKS = YES;
				GCC_WARN_64_TO_32_BIT_CONVERSION = YES;
				GCC_WARN_ABOUT_RETURN_TYPE = YES_ERROR;
				GCC_WARN_UNDECLARED_SELECTOR = YES;
				GCC_WARN_UNINITIALIZED_AUTOS = YES_AGGRESSIVE;
				GCC_WARN_UNUSED_FUNCTION = YES;
				GCC_WARN_UNUSED_VARIABLE = YES;
				IPHONEOS_DEPLOYMENT_TARGET = 9.3;
				MTL_ENABLE_DEBUG_INFO = NO;
				SDKROOT = iphoneos;
				TARGETED_DEVICE_FAMILY = "1,2";
				VALIDATE_PRODUCT = YES;
			};
			name = Release;
		};
		E1121CB51D64047400EA4A7D /* Debug */ = {
			isa = XCBuildConfiguration;
			baseConfigurationReference = AE9A4FB9EA8770986D643CDD /* Pods-WalletApp.debug.xcconfig */;
			buildSettings = {
				ASSETCATALOG_COMPILER_APPICON_NAME = AppIcon;
				CLANG_ENABLE_MODULES = YES;
				INFOPLIST_FILE = WalletApp/Info.plist;
				LD_RUNPATH_SEARCH_PATHS = "$(inherited) @executable_path/Frameworks";
				PRODUCT_BUNDLE_IDENTIFIER = phs.WalletApp;
				PRODUCT_NAME = "$(TARGET_NAME)";
				SWIFT_OBJC_BRIDGING_HEADER = "WalletApp-Bridging-Header.h";
				SWIFT_OPTIMIZATION_LEVEL = "-Onone";
			};
			name = Debug;
		};
		E1121CB61D64047400EA4A7D /* Release */ = {
			isa = XCBuildConfiguration;
			baseConfigurationReference = E28B8A92473B9431E63423E0 /* Pods-WalletApp.release.xcconfig */;
			buildSettings = {
				ASSETCATALOG_COMPILER_APPICON_NAME = AppIcon;
				CLANG_ENABLE_MODULES = YES;
				INFOPLIST_FILE = WalletApp/Info.plist;
				LD_RUNPATH_SEARCH_PATHS = "$(inherited) @executable_path/Frameworks";
				PRODUCT_BUNDLE_IDENTIFIER = phs.WalletApp;
				PRODUCT_NAME = "$(TARGET_NAME)";
				SWIFT_OBJC_BRIDGING_HEADER = "WalletApp-Bridging-Header.h";
			};
			name = Release;
		};
/* End XCBuildConfiguration section */

/* Begin XCConfigurationList section */
		E1121C9A1D64047400EA4A7D /* Build configuration list for PBXProject "WalletApp" */ = {
			isa = XCConfigurationList;
			buildConfigurations = (
				E1121CB21D64047400EA4A7D /* Debug */,
				E1121CB31D64047400EA4A7D /* Release */,
			);
			defaultConfigurationIsVisible = 0;
			defaultConfigurationName = Release;
		};
		E1121CB41D64047400EA4A7D /* Build configuration list for PBXNativeTarget "WalletApp" */ = {
			isa = XCConfigurationList;
			buildConfigurations = (
				E1121CB51D64047400EA4A7D /* Debug */,
				E1121CB61D64047400EA4A7D /* Release */,
			);
			defaultConfigurationIsVisible = 0;
			defaultConfigurationName = Release;
		};
/* End XCConfigurationList section */

/* Begin XCVersionGroup section */
		E1121CA91D64047400EA4A7D /* WalletApp.xcdatamodeld */ = {
			isa = XCVersionGroup;
			children = (
				E1121CAA1D64047400EA4A7D /* WalletApp.xcdatamodel */,
			);
			currentVersion = E1121CAA1D64047400EA4A7D /* WalletApp.xcdatamodel */;
			path = WalletApp.xcdatamodeld;
			sourceTree = "<group>";
			versionGroupType = wrapper.xcdatamodel;
		};
/* End XCVersionGroup section */
	};
	rootObject = E1121C971D64047400EA4A7D /* Project object */;
}
